// !$*UTF8*$!
{
	archiveVersion = 1;
	classes = {
	};
	objectVersion = 46;
	objects = {

/* Begin PBXBuildFile section */
		F0DD24C21BF78A8500E8A949 /* Default-568h@2x.png in Resources */ = {isa = PBXBuildFile; fileRef = F0DD24C11BF78A8500E8A949 /* Default-568h@2x.png */; settings = {ASSET_TAGS = (); }; };
		F0E23F1E1BF6302000B59445 /* AppDelegate.swift in Sources */ = {isa = PBXBuildFile; fileRef = F0E23F1D1BF6302000B59445 /* AppDelegate.swift */; };
		F0E23F201BF6302000B59445 /* ViewController.swift in Sources */ = {isa = PBXBuildFile; fileRef = F0E23F1F1BF6302000B59445 /* ViewController.swift */; };
		F0E23F231BF6302000B59445 /* Main.storyboard in Resources */ = {isa = PBXBuildFile; fileRef = F0E23F211BF6302000B59445 /* Main.storyboard */; };
		F0E23F261BF6302000B59445 /* anim1.xcdatamodeld in Sources */ = {isa = PBXBuildFile; fileRef = F0E23F241BF6302000B59445 /* anim1.xcdatamodeld */; };
		F0E23F2B1BF6302000B59445 /* LaunchScreen.storyboard in Resources */ = {isa = PBXBuildFile; fileRef = F0E23F291BF6302000B59445 /* LaunchScreen.storyboard */; };
		F0E23F361BF6302000B59445 /* anim1Tests.swift in Sources */ = {isa = PBXBuildFile; fileRef = F0E23F351BF6302000B59445 /* anim1Tests.swift */; };
		F0E23F411BF6302000B59445 /* anim1UITests.swift in Sources */ = {isa = PBXBuildFile; fileRef = F0E23F401BF6302000B59445 /* anim1UITests.swift */; };
		F0E23F4F1BF630CF00B59445 /* BoomLayer.swift in Sources */ = {isa = PBXBuildFile; fileRef = F0E23F4E1BF630CF00B59445 /* BoomLayer.swift */; settings = {ASSET_TAGS = (); }; };
		F0E23F511BF64C6900B59445 /* SXRButton.swift in Sources */ = {isa = PBXBuildFile; fileRef = F0E23F501BF64C6900B59445 /* SXRButton.swift */; settings = {ASSET_TAGS = (); }; };
		F0E23F531BF6520D00B59445 /* PriceLayer.swift in Sources */ = {isa = PBXBuildFile; fileRef = F0E23F521BF6520D00B59445 /* PriceLayer.swift */; settings = {ASSET_TAGS = (); }; };
/* End PBXBuildFile section */

/* Begin PBXContainerItemProxy section */
		F0E23F321BF6302000B59445 /* PBXContainerItemProxy */ = {
			isa = PBXContainerItemProxy;
			containerPortal = F0E23F121BF6302000B59445 /* Project object */;
			proxyType = 1;
			remoteGlobalIDString = F0E23F191BF6302000B59445;
			remoteInfo = anim1;
		};
		F0E23F3D1BF6302000B59445 /* PBXContainerItemProxy */ = {
			isa = PBXContainerItemProxy;
			containerPortal = F0E23F121BF6302000B59445 /* Project object */;
			proxyType = 1;
			remoteGlobalIDString = F0E23F191BF6302000B59445;
			remoteInfo = anim1;
		};
/* End PBXContainerItemProxy section */

/* Begin PBXFileReference section */
		F0DD24C11BF78A8500E8A949 /* Default-568h@2x.png */ = {isa = PBXFileReference; lastKnownFileType = image.png; path = "Default-568h@2x.png"; sourceTree = "<group>"; };
		F0E23F1A1BF6302000B59445 /* anim1.app */ = {isa = PBXFileReference; explicitFileType = wrapper.application; includeInIndex = 0; path = anim1.app; sourceTree = BUILT_PRODUCTS_DIR; };
		F0E23F1D1BF6302000B59445 /* AppDelegate.swift */ = {isa = PBXFileReference; lastKnownFileType = sourcecode.swift; path = AppDelegate.swift; sourceTree = "<group>"; };
		F0E23F1F1BF6302000B59445 /* ViewController.swift */ = {isa = PBXFileReference; lastKnownFileType = sourcecode.swift; path = ViewController.swift; sourceTree = "<group>"; };
		F0E23F221BF6302000B59445 /* Base */ = {isa = PBXFileReference; lastKnownFileType = file.storyboard; name = Base; path = Base.lproj/Main.storyboard; sourceTree = "<group>"; };
		F0E23F251BF6302000B59445 /* anim1.xcdatamodel */ = {isa = PBXFileReference; lastKnownFileType = wrapper.xcdatamodel; path = anim1.xcdatamodel; sourceTree = "<group>"; };
		F0E23F2A1BF6302000B59445 /* Base */ = {isa = PBXFileReference; lastKnownFileType = file.storyboard; name = Base; path = Base.lproj/LaunchScreen.storyboard; sourceTree = "<group>"; };
		F0E23F2C1BF6302000B59445 /* Info.plist */ = {isa = PBXFileReference; lastKnownFileType = text.plist.xml; path = Info.plist; sourceTree = "<group>"; };
		F0E23F311BF6302000B59445 /* anim1Tests.xctest */ = {isa = PBXFileReference; explicitFileType = wrapper.cfbundle; includeInIndex = 0; path = anim1Tests.xctest; sourceTree = BUILT_PRODUCTS_DIR; };
		F0E23F351BF6302000B59445 /* anim1Tests.swift */ = {isa = PBXFileReference; lastKnownFileType = sourcecode.swift; path = anim1Tests.swift; sourceTree = "<group>"; };
		F0E23F371BF6302000B59445 /* Info.plist */ = {isa = PBXFileReference; lastKnownFileType = text.plist.xml; path = Info.plist; sourceTree = "<group>"; };
		F0E23F3C1BF6302000B59445 /* anim1UITests.xctest */ = {isa = PBXFileReference; explicitFileType = wrapper.cfbundle; includeInIndex = 0; path = anim1UITests.xctest; sourceTree = BUILT_PRODUCTS_DIR; };
		F0E23F401BF6302000B59445 /* anim1UITests.swift */ = {isa = PBXFileReference; lastKnownFileType = sourcecode.swift; path = anim1UITests.swift; sourceTree = "<group>"; };
		F0E23F421BF6302000B59445 /* Info.plist */ = {isa = PBXFileReference; lastKnownFileType = text.plist.xml; path = Info.plist; sourceTree = "<group>"; };
		F0E23F4E1BF630CF00B59445 /* BoomLayer.swift */ = {isa = PBXFileReference; fileEncoding = 4; lastKnownFileType = sourcecode.swift; path = BoomLayer.swift; sourceTree = "<group>"; };
		F0E23F501BF64C6900B59445 /* SXRButton.swift */ = {isa = PBXFileReference; fileEncoding = 4; lastKnownFileType = sourcecode.swift; path = SXRButton.swift; sourceTree = "<group>"; };
		F0E23F521BF6520D00B59445 /* PriceLayer.swift */ = {isa = PBXFileReference; fileEncoding = 4; lastKnownFileType = sourcecode.swift; path = PriceLayer.swift; sourceTree = "<group>"; };
/* End PBXFileReference section */

/* Begin PBXFrameworksBuildPhase section */
		F0E23F171BF6302000B59445 /* Frameworks */ = {
			isa = PBXFrameworksBuildPhase;
			buildActionMask = 2147483647;
			files = (
			);
			runOnlyForDeploymentPostprocessing = 0;
		};
		F0E23F2E1BF6302000B59445 /* Frameworks */ = {
			isa = PBXFrameworksBuildPhase;
			buildActionMask = 2147483647;
			files = (
			);
			runOnlyForDeploymentPostprocessing = 0;
		};
		F0E23F391BF6302000B59445 /* Frameworks */ = {
			isa = PBXFrameworksBuildPhase;
			buildActionMask = 2147483647;
			files = (
			);
			runOnlyForDeploymentPostprocessing = 0;
		};
/* End PBXFrameworksBuildPhase section */

/* Begin PBXGroup section */
		F0E23F111BF6302000B59445 = {
			isa = PBXGroup;
			children = (
				F0E23F1C1BF6302000B59445 /* anim1 */,
				F0E23F341BF6302000B59445 /* anim1Tests */,
				F0E23F3F1BF6302000B59445 /* anim1UITests */,
				F0E23F1B1BF6302000B59445 /* Products */,
			);
			sourceTree = "<group>";
		};
		F0E23F1B1BF6302000B59445 /* Products */ = {
			isa = PBXGroup;
			children = (
				F0E23F1A1BF6302000B59445 /* anim1.app */,
				F0E23F311BF6302000B59445 /* anim1Tests.xctest */,
				F0E23F3C1BF6302000B59445 /* anim1UITests.xctest */,
			);
			name = Products;
			sourceTree = "<group>";
		};
		F0E23F1C1BF6302000B59445 /* anim1 */ = {
			isa = PBXGroup;
			children = (
				F0DD24C11BF78A8500E8A949 /* Default-568h@2x.png */,
				F0E23F1D1BF6302000B59445 /* AppDelegate.swift */,
				F0E23F1F1BF6302000B59445 /* ViewController.swift */,
				F0E23F211BF6302000B59445 /* Main.storyboard */,
				F0E23F291BF6302000B59445 /* LaunchScreen.storyboard */,
				F0E23F2C1BF6302000B59445 /* Info.plist */,
				F0E23F241BF6302000B59445 /* anim1.xcdatamodeld */,
				F0E23F4E1BF630CF00B59445 /* BoomLayer.swift */,
				F0E23F521BF6520D00B59445 /* PriceLayer.swift */,
				F0E23F501BF64C6900B59445 /* SXRButton.swift */,
			);
			path = anim1;
			sourceTree = "<group>";
		};
		F0E23F341BF6302000B59445 /* anim1Tests */ = {
			isa = PBXGroup;
			children = (
				F0E23F351BF6302000B59445 /* anim1Tests.swift */,
				F0E23F371BF6302000B59445 /* Info.plist */,
			);
			path = anim1Tests;
			sourceTree = "<group>";
		};
		F0E23F3F1BF6302000B59445 /* anim1UITests */ = {
			isa = PBXGroup;
			children = (
				F0E23F401BF6302000B59445 /* anim1UITests.swift */,
				F0E23F421BF6302000B59445 /* Info.plist */,
			);
			path = anim1UITests;
			sourceTree = "<group>";
		};
/* End PBXGroup section */

/* Begin PBXNativeTarget section */
		F0E23F191BF6302000B59445 /* anim1 */ = {
			isa = PBXNativeTarget;
			buildConfigurationList = F0E23F451BF6302000B59445 /* Build configuration list for PBXNativeTarget "anim1" */;
			buildPhases = (
				F0E23F161BF6302000B59445 /* Sources */,
				F0E23F171BF6302000B59445 /* Frameworks */,
				F0E23F181BF6302000B59445 /* Resources */,
			);
			buildRules = (
			);
			dependencies = (
			);
			name = anim1;
			productName = anim1;
			productReference = F0E23F1A1BF6302000B59445 /* anim1.app */;
			productType = "com.apple.product-type.application";
		};
		F0E23F301BF6302000B59445 /* anim1Tests */ = {
			isa = PBXNativeTarget;
			buildConfigurationList = F0E23F481BF6302000B59445 /* Build configuration list for PBXNativeTarget "anim1Tests" */;
			buildPhases = (
				F0E23F2D1BF6302000B59445 /* Sources */,
				F0E23F2E1BF6302000B59445 /* Frameworks */,
				F0E23F2F1BF6302000B59445 /* Resources */,
			);
			buildRules = (
			);
			dependencies = (
				F0E23F331BF6302000B59445 /* PBXTargetDependency */,
			);
			name = anim1Tests;
			productName = anim1Tests;
			productReference = F0E23F311BF6302000B59445 /* anim1Tests.xctest */;
			productType = "com.apple.product-type.bundle.unit-test";
		};
		F0E23F3B1BF6302000B59445 /* anim1UITests */ = {
			isa = PBXNativeTarget;
			buildConfigurationList = F0E23F4B1BF6302000B59445 /* Build configuration list for PBXNativeTarget "anim1UITests" */;
			buildPhases = (
				F0E23F381BF6302000B59445 /* Sources */,
				F0E23F391BF6302000B59445 /* Frameworks */,
				F0E23F3A1BF6302000B59445 /* Resources */,
			);
			buildRules = (
			);
			dependencies = (
				F0E23F3E1BF6302000B59445 /* PBXTargetDependency */,
			);
			name = anim1UITests;
			productName = anim1UITests;
			productReference = F0E23F3C1BF6302000B59445 /* anim1UITests.xctest */;
			productType = "com.apple.product-type.bundle.ui-testing";
		};
/* End PBXNativeTarget section */

/* Begin PBXProject section */
		F0E23F121BF6302000B59445 /* Project object */ = {
			isa = PBXProject;
			attributes = {
				LastUpgradeCheck = 0700;
				ORGANIZATIONNAME = "宋恒";
				TargetAttributes = {
					F0E23F191BF6302000B59445 = {
						CreatedOnToolsVersion = 7.0;
						DevelopmentTeam = CDDXT62C7U;
					};
					F0E23F301BF6302000B59445 = {
						CreatedOnToolsVersion = 7.0;
						DevelopmentTeam = CDDXT62C7U;
						TestTargetID = F0E23F191BF6302000B59445;
					};
					F0E23F3B1BF6302000B59445 = {
						CreatedOnToolsVersion = 7.0;
						DevelopmentTeam = CDDXT62C7U;
						TestTargetID = F0E23F191BF6302000B59445;
					};
				};
			};
			buildConfigurationList = F0E23F151BF6302000B59445 /* Build configuration list for PBXProject "anim1" */;
			compatibilityVersion = "Xcode 3.2";
			developmentRegion = English;
			hasScannedForEncodings = 0;
			knownRegions = (
				en,
				Base,
			);
			mainGroup = F0E23F111BF6302000B59445;
			productRefGroup = F0E23F1B1BF6302000B59445 /* Products */;
			projectDirPath = "";
			projectRoot = "";
			targets = (
				F0E23F191BF6302000B59445 /* anim1 */,
				F0E23F301BF6302000B59445 /* anim1Tests */,
				F0E23F3B1BF6302000B59445 /* anim1UITests */,
			);
		};
/* End PBXProject section */

/* Begin PBXResourcesBuildPhase section */
		F0E23F181BF6302000B59445 /* Resources */ = {
			isa = PBXResourcesBuildPhase;
			buildActionMask = 2147483647;
			files = (
				F0DD24C21BF78A8500E8A949 /* Default-568h@2x.png in Resources */,
				F0E23F2B1BF6302000B59445 /* LaunchScreen.storyboard in Resources */,
				F0E23F231BF6302000B59445 /* Main.storyboard in Resources */,
			);
			runOnlyForDeploymentPostprocessing = 0;
		};
		F0E23F2F1BF6302000B59445 /* Resources */ = {
			isa = PBXResourcesBuildPhase;
			buildActionMask = 2147483647;
			files = (
			);
			runOnlyForDeploymentPostprocessing = 0;
		};
		F0E23F3A1BF6302000B59445 /* Resources */ = {
			isa = PBXResourcesBuildPhase;
			buildActionMask = 2147483647;
			files = (
			);
			runOnlyForDeploymentPostprocessing = 0;
		};
/* End PBXResourcesBuildPhase section */

/* Begin PBXSourcesBuildPhase section */
		F0E23F161BF6302000B59445 /* Sources */ = {
			isa = PBXSourcesBuildPhase;
			buildActionMask = 2147483647;
			files = (
				F0E23F4F1BF630CF00B59445 /* BoomLayer.swift in Sources */,
				F0E23F261BF6302000B59445 /* anim1.xcdatamodeld in Sources */,
				F0E23F201BF6302000B59445 /* ViewController.swift in Sources */,
				F0E23F531BF6520D00B59445 /* PriceLayer.swift in Sources */,
				F0E23F1E1BF6302000B59445 /* AppDelegate.swift in Sources */,
				F0E23F511BF64C6900B59445 /* SXRButton.swift in Sources */,
			);
			runOnlyForDeploymentPostprocessing = 0;
		};
		F0E23F2D1BF6302000B59445 /* Sources */ = {
			isa = PBXSourcesBuildPhase;
			buildActionMask = 2147483647;
			files = (
				F0E23F361BF6302000B59445 /* anim1Tests.swift in Sources */,
			);
			runOnlyForDeploymentPostprocessing = 0;
		};
		F0E23F381BF6302000B59445 /* Sources */ = {
			isa = PBXSourcesBuildPhase;
			buildActionMask = 2147483647;
			files = (
				F0E23F411BF6302000B59445 /* anim1UITests.swift in Sources */,
			);
			runOnlyForDeploymentPostprocessing = 0;
		};
/* End PBXSourcesBuildPhase section */

/* Begin PBXTargetDependency section */
		F0E23F331BF6302000B59445 /* PBXTargetDependency */ = {
			isa = PBXTargetDependency;
			target = F0E23F191BF6302000B59445 /* anim1 */;
			targetProxy = F0E23F321BF6302000B59445 /* PBXContainerItemProxy */;
		};
		F0E23F3E1BF6302000B59445 /* PBXTargetDependency */ = {
			isa = PBXTargetDependency;
			target = F0E23F191BF6302000B59445 /* anim1 */;
			targetProxy = F0E23F3D1BF6302000B59445 /* PBXContainerItemProxy */;
		};
/* End PBXTargetDependency section */

/* Begin PBXVariantGroup section */
		F0E23F211BF6302000B59445 /* Main.storyboard */ = {
			isa = PBXVariantGroup;
			children = (
				F0E23F221BF6302000B59445 /* Base */,
			);
			name = Main.storyboard;
			sourceTree = "<group>";
		};
		F0E23F291BF6302000B59445 /* LaunchScreen.storyboard */ = {
			isa = PBXVariantGroup;
			children = (
				F0E23F2A1BF6302000B59445 /* Base */,
			);
			name = LaunchScreen.storyboard;
			sourceTree = "<group>";
		};
/* End PBXVariantGroup section */

/* Begin XCBuildConfiguration section */
		F0E23F431BF6302000B59445 /* Debug */ = {
			isa = XCBuildConfiguration;
			buildSettings = {
				ALWAYS_SEARCH_USER_PATHS = NO;
				CLANG_CXX_LANGUAGE_STANDARD = "gnu++0x";
				CLANG_CXX_LIBRARY = "libc++";
				CLANG_ENABLE_MODULES = YES;
				CLANG_ENABLE_OBJC_ARC = YES;
				CLANG_WARN_BOOL_CONVERSION = YES;
				CLANG_WARN_CONSTANT_CONVERSION = YES;
				CLANG_WARN_DIRECT_OBJC_ISA_USAGE = YES_ERROR;
				CLANG_WARN_EMPTY_BODY = YES;
				CLANG_WARN_ENUM_CONVERSION = YES;
				CLANG_WARN_INT_CONVERSION = YES;
				CLANG_WARN_OBJC_ROOT_CLASS = YES_ERROR;
				CLANG_WARN_UNREACHABLE_CODE = YES;
				CLANG_WARN__DUPLICATE_METHOD_MATCH = YES;
				"CODE_SIGN_IDENTITY[sdk=iphoneos*]" = "iPhone Developer";
				COPY_PHASE_STRIP = NO;
				DEBUG_INFORMATION_FORMAT = dwarf;
				ENABLE_STRICT_OBJC_MSGSEND = YES;
				ENABLE_TESTABILITY = YES;
				GCC_C_LANGUAGE_STANDARD = gnu99;
				GCC_DYNAMIC_NO_PIC = NO;
				GCC_NO_COMMON_BLOCKS = YES;
				GCC_OPTIMIZATION_LEVEL = 0;
				GCC_PREPROCESSOR_DEFINITIONS = (
					"DEBUG=1",
					"$(inherited)",
				);
				GCC_WARN_64_TO_32_BIT_CONVERSION = YES;
				GCC_WARN_ABOUT_RETURN_TYPE = YES_ERROR;
				GCC_WARN_UNDECLARED_SELECTOR = YES;
				GCC_WARN_UNINITIALIZED_AUTOS = YES_AGGRESSIVE;
				GCC_WARN_UNUSED_FUNCTION = YES;
				GCC_WARN_UNUSED_VARIABLE = YES;
				IPHONEOS_DEPLOYMENT_TARGET = 9.0;
				MTL_ENABLE_DEBUG_INFO = YES;
				ONLY_ACTIVE_ARCH = YES;
				SDKROOT = iphoneos;
				SWIFT_OPTIMIZATION_LEVEL = "-Onone";
			};
			name = Debug;
		};
		F0E23F441BF6302000B59445 /* Release */ = {
			isa = XCBuildConfiguration;
			buildSettings = {
				ALWAYS_SEARCH_USER_PATHS = NO;
				CLANG_CXX_LANGUAGE_STANDARD = "gnu++0x";
				CLANG_CXX_LIBRARY = "libc++";
				CLANG_ENABLE_MODULES = YES;
				CLANG_ENABLE_OBJC_ARC = YES;
				CLANG_WARN_BOOL_CONVERSION = YES;
				CLANG_WARN_CONSTANT_CONVERSION = YES;
				CLANG_WARN_DIRECT_OBJC_ISA_USAGE = YES_ERROR;
				CLANG_WARN_EMPTY_BODY = YES;
				CLANG_WARN_ENUM_CONVERSION = YES;
				CLANG_WARN_INT_CONVERSION = YES;
				CLANG_WARN_OBJC_ROOT_CLASS = YES_ERROR;
				CLANG_WARN_UNREACHABLE_CODE = YES;
				CLANG_WARN__DUPLICATE_METHOD_MATCH = YES;
				"CODE_SIGN_IDENTITY[sdk=iphoneos*]" = "iPhone Developer";
				COPY_PHASE_STRIP = NO;
				DEBUG_INFORMATION_FORMAT = "dwarf-with-dsym";
				ENABLE_NS_ASSERTIONS = NO;
				ENABLE_STRICT_OBJC_MSGSEND = YES;
				GCC_C_LANGUAGE_STANDARD = gnu99;
				GCC_NO_COMMON_BLOCKS = YES;
				GCC_WARN_64_TO_32_BIT_CONVERSION = YES;
				GCC_WARN_ABOUT_RETURN_TYPE = YES_ERROR;
				GCC_WARN_UNDECLARED_SELECTOR = YES;
				GCC_WARN_UNINITIALIZED_AUTOS = YES_AGGRESSIVE;
				GCC_WARN_UNUSED_FUNCTION = YES;
				GCC_WARN_UNUSED_VARIABLE = YES;
				IPHONEOS_DEPLOYMENT_TARGET = 9.0;
				MTL_ENABLE_DEBUG_INFO = NO;
				SDKROOT = iphoneos;
				VALIDATE_PRODUCT = YES;
			};
			name = Release;
		};
		F0E23F461BF6302000B59445 /* Debug */ = {
			isa = XCBuildConfiguration;
			buildSettings = {
				ASSETCATALOG_COMPILER_APPICON_NAME = AppIcon;
				CODE_SIGN_IDENTITY = "iPhone Developer: songhengdsg@sohu.com (B3B3U4C46R)";
				INFOPLIST_FILE = anim1/Info.plist;
				IPHONEOS_DEPLOYMENT_TARGET = 7.0;
				LD_RUNPATH_SEARCH_PATHS = "$(inherited) @executable_path/Frameworks";
				PRODUCT_BUNDLE_IDENTIFIER = "cn.--.anim1";
				PRODUCT_NAME = "$(TARGET_NAME)";
			};
			name = Debug;
		};
		F0E23F471BF6302000B59445 /* Release */ = {
			isa = XCBuildConfiguration;
			buildSettings = {
				ASSETCATALOG_COMPILER_APPICON_NAME = AppIcon;
				CODE_SIGN_IDENTITY = "iPhone Developer: songhengdsg@sohu.com (B3B3U4C46R)";
				INFOPLIST_FILE = anim1/Info.plist;
				IPHONEOS_DEPLOYMENT_TARGET = 7.0;
				LD_RUNPATH_SEARCH_PATHS = "$(inherited) @executable_path/Frameworks";
				PRODUCT_BUNDLE_IDENTIFIER = "cn.--.anim1";
				PRODUCT_NAME = "$(TARGET_NAME)";
			};
			name = Release;
		};
		F0E23F491BF6302000B59445 /* Debug */ = {
			isa = XCBuildConfiguration;
			buildSettings = {
				BUNDLE_LOADER = "$(TEST_HOST)";
				INFOPLIST_FILE = anim1Tests/Info.plist;
				LD_RUNPATH_SEARCH_PATHS = "$(inherited) @executable_path/Frameworks @loader_path/Frameworks";
				PRODUCT_BUNDLE_IDENTIFIER = "cn.--.anim1Tests";
				PRODUCT_NAME = "$(TARGET_NAME)";
				TEST_HOST = "$(BUILT_PRODUCTS_DIR)/anim1.app/anim1";
			};
			name = Debug;
		};
		F0E23F4A1BF6302000B59445 /* Release */ = {
			isa = XCBuildConfiguration;
			buildSettings = {
				BUNDLE_LOADER = "$(TEST_HOST)";
				INFOPLIST_FILE = anim1Tests/Info.plist;
				LD_RUNPATH_SEARCH_PATHS = "$(inherited) @executable_path/Frameworks @loader_path/Frameworks";
				PRODUCT_BUNDLE_IDENTIFIER = "cn.--.anim1Tests";
				PRODUCT_NAME = "$(TARGET_NAME)";
				TEST_HOST = "$(BUILT_PRODUCTS_DIR)/anim1.app/anim1";
			};
			name = Release;
		};
		F0E23F4C1BF6302000B59445 /* Debug */ = {
			isa = XCBuildConfiguration;
			buildSettings = {
				INFOPLIST_FILE = anim1UITests/Info.plist;
				LD_RUNPATH_SEARCH_PATHS = "$(inherited) @executable_path/Frameworks @loader_path/Frameworks";
				PRODUCT_BUNDLE_IDENTIFIER = "cn.--.anim1UITests";
				PRODUCT_NAME = "$(TARGET_NAME)";
				TEST_TARGET_NAME = anim1;
				USES_XCTRUNNER = YES;
			};
			name = Debug;
		};
		F0E23F4D1BF6302000B59445 /* Release */ = {
			isa = XCBuildConfiguration;
			buildSettings = {
				INFOPLIST_FILE = anim1UITests/Info.plist;
				LD_RUNPATH_SEARCH_PATHS = "$(inherited) @executable_path/Frameworks @loader_path/Frameworks";
				PRODUCT_BUNDLE_IDENTIFIER = "cn.--.anim1UITests";
				PRODUCT_NAME = "$(TARGET_NAME)";
				TEST_TARGET_NAME = anim1;
				USES_XCTRUNNER = YES;
			};
			name = Release;
		};
/* End XCBuildConfiguration section */

/* Begin XCConfigurationList section */
		F0E23F151BF6302000B59445 /* Build configuration list for PBXProject "anim1" */ = {
			isa = XCConfigurationList;
			buildConfigurations = (
				F0E23F431BF6302000B59445 /* Debug */,
				F0E23F441BF6302000B59445 /* Release */,
			);
			defaultConfigurationIsVisible = 0;
			defaultConfigurationName = Release;
		};
		F0E23F451BF6302000B59445 /* Build configuration list for PBXNativeTarget "anim1" */ = {
			isa = XCConfigurationList;
			buildConfigurations = (
				F0E23F461BF6302000B59445 /* Debug */,
				F0E23F471BF6302000B59445 /* Release */,
			);
			defaultConfigurationIsVisible = 0;
			defaultConfigurationName = Release;
		};
		F0E23F481BF6302000B59445 /* Build configuration list for PBXNativeTarget "anim1Tests" */ = {
			isa = XCConfigurationList;
			buildConfigurations = (
				F0E23F491BF6302000B59445 /* Debug */,
				F0E23F4A1BF6302000B59445 /* Release */,
			);
			defaultConfigurationIsVisible = 0;
			defaultConfigurationName = Release;
		};
		F0E23F4B1BF6302000B59445 /* Build configuration list for PBXNativeTarget "anim1UITests" */ = {
			isa = XCConfigurationList;
			buildConfigurations = (
				F0E23F4C1BF6302000B59445 /* Debug */,
				F0E23F4D1BF6302000B59445 /* Release */,
			);
			defaultConfigurationIsVisible = 0;
			defaultConfigurationName = Release;
		};
/* End XCConfigurationList section */

/* Begin XCVersionGroup section */
		F0E23F241BF6302000B59445 /* anim1.xcdatamodeld */ = {
			isa = XCVersionGroup;
			children = (
				F0E23F251BF6302000B59445 /* anim1.xcdatamodel */,
			);
			currentVersion = F0E23F251BF6302000B59445 /* anim1.xcdatamodel */;
			path = anim1.xcdatamodeld;
			sourceTree = "<group>";
			versionGroupType = wrapper.xcdatamodel;
		};
/* End XCVersionGroup section */
	};
	rootObject = F0E23F121BF6302000B59445 /* Project object */;
}
